
Microsoft Visual Studio Solution File, Format Version 12.00
# Visual Studio Version 16
VisualStudioVersion = 16.0.30804.86
MinimumVisualStudioVersion = 10.0.40219.1
Project("{FAE04EC0-301F-11D3-BF4B-00C04F79EFBC}") = "APIRateLimitChecker", "APIRateLimitChecker\APIRateLimitChecker.csproj", "{C963971F-A254-4317-8785-5B115FA7BAEC}"
EndProject
Project("{FAE04EC0-301F-11D3-BF4B-00C04F79EFBC}") = "APIRateLimitCheckerTest", "APIRateLimitCheckerTest\APIRateLimitCheckerTest.csproj", "{2F72122F-0D59-4626-B638-CD9272787ABF}"
EndProject
Global
	GlobalSection(SolutionConfigurationPlatforms) = preSolution
		Debug|Any CPU = Debug|Any CPU
		Release|Any CPU = Release|Any CPU
	EndGlobalSection
	GlobalSection(ProjectConfigurationPlatforms) = postSolution
		{C963971F-A254-4317-8785-5B115FA7BAEC}.Debug|Any CPU.ActiveCfg = Debug|Any CPU
		{C963971F-A254-4317-8785-5B115FA7BAEC}.Debug|Any CPU.Build.0 = Debug|Any CPU
		{C963971F-A254-4317-8785-5B115FA7BAEC}.Release|Any CPU.ActiveCfg = Release|Any CPU
		{C963971F-A254-4317-8785-5B115FA7BAEC}.Release|Any CPU.Build.0 = Release|Any CPU
		{2F72122F-0D59-4626-B638-CD9272787ABF}.Debug|Any CPU.ActiveCfg = Debug|Any CPU
		{2F72122F-0D59-4626-B638-CD9272787ABF}.Debug|Any CPU.Build.0 = Debug|Any CPU
		{2F72122F-0D59-4626-B638-CD9272787ABF}.Release|Any CPU.ActiveCfg = Release|Any CPU
		{2F72122F-0D59-4626-B638-CD9272787ABF}.Release|Any CPU.Build.0 = Release|Any CPU
	EndGlobalSection
	GlobalSection(SolutionProperties) = preSolution
		HideSolutionNode = FALSE
	EndGlobalSection
	GlobalSection(ExtensibilityGlobals) = postSolution
		SolutionGuid = {14BA0BD7-192C-4B4A-B17E-1680C7535208}
	EndGlobalSection
EndGlobal
